
Microsoft Visual Studio Solution File, Format Version 12.00
# Visual Studio 2012
Project("{E24C65DC-7377-472B-9ABA-BC803B73C61A}") = "CODE", "D:\PROJ\KNA\CODE", "{F932D207-5F2D-42E0-A744-7018F90ADA69}"
	ProjectSection(WebsiteProperties) = preProject
		SccProjectName = ""
		SccAuxPath = ""
		SccLocalPath = ""
		SccProvider = ""
		TargetFrameworkMoniker = ".NETFramework,Version%3Dv3.5"
		Debug.AspNetCompiler.VirtualPath = "/CODE"
		Debug.AspNetCompiler.PhysicalPath = "D:\PROJ\KNA\CODE\"
		Debug.AspNetCompiler.TargetPath = "PrecompiledWeb\CODE\"
		Debug.AspNetCompiler.Updateable = "true"
		Debug.AspNetCompiler.ForceOverwrite = "true"
		Debug.AspNetCompiler.FixedNames = "false"
		Debug.AspNetCompiler.Debug = "True"
		Release.AspNetCompiler.VirtualPath = "/CODE"
		Release.AspNetCompiler.PhysicalPath = "D:\PROJ\KNA\CODE\"
		Release.AspNetCompiler.TargetPath = "PrecompiledWeb\CODE\"
		Release.AspNetCompiler.Updateable = "true"
		Release.AspNetCompiler.ForceOverwrite = "true"
		Release.AspNetCompiler.FixedNames = "false"
		Release.AspNetCompiler.Debug = "False"
		VWDPort = "50009"
	EndProjectSection
EndProject
Global
	GlobalSection(SolutionConfigurationPlatforms) = preSolution
		Debug|Any CPU = Debug|Any CPU
	EndGlobalSection
	GlobalSection(ProjectConfigurationPlatforms) = postSolution
		{F932D207-5F2D-42E0-A744-7018F90ADA69}.Debug|Any CPU.ActiveCfg = Debug|Any CPU
		{F932D207-5F2D-42E0-A744-7018F90ADA69}.Debug|Any CPU.Build.0 = Debug|Any CPU
	EndGlobalSection
	GlobalSection(SolutionProperties) = preSolution
		HideSolutionNode = FALSE
	EndGlobalSection
EndGlobal
